// !$*UTF8*$!
{
	archiveVersion = 1;
	classes = {
	};
	objectVersion = 50;
	objects = {

/* Begin PBXBuildFile section */
		BA42B8482363632000433FE4 /* AppDelegate.swift in Sources */ = {isa = PBXBuildFile; fileRef = BA42B8472363632000433FE4 /* AppDelegate.swift */; };
		BA42B84A2363632000433FE4 /* ViewController.swift in Sources */ = {isa = PBXBuildFile; fileRef = BA42B8492363632000433FE4 /* ViewController.swift */; };
		BA42B84D2363632000433FE4 /* Main.storyboard in Resources */ = {isa = PBXBuildFile; fileRef = BA42B84B2363632000433FE4 /* Main.storyboard */; };
		BA42B84F2363633000433FE4 /* Assets.xcassets in Resources */ = {isa = PBXBuildFile; fileRef = BA42B84E2363633000433FE4 /* Assets.xcassets */; };
		BA42B8522363633000433FE4 /* LaunchScreen.storyboard in Resources */ = {isa = PBXBuildFile; fileRef = BA42B8502363633000433FE4 /* LaunchScreen.storyboard */; };
		BA42B8572363633000433FE4 /* Activity1 WatchKit App.app in Embed Watch Content */ = {isa = PBXBuildFile; fileRef = BA42B8562363633000433FE4 /* Activity1 WatchKit App.app */; };
		BA42B85D2363633000433FE4 /* Interface.storyboard in Resources */ = {isa = PBXBuildFile; fileRef = BA42B85B2363633000433FE4 /* Interface.storyboard */; };
		BA42B85F2363633700433FE4 /* Assets.xcassets in Resources */ = {isa = PBXBuildFile; fileRef = BA42B85E2363633700433FE4 /* Assets.xcassets */; };
		BA42B8662363633700433FE4 /* Activity1 WatchKit Extension.appex in Embed App Extensions */ = {isa = PBXBuildFile; fileRef = BA42B8652363633700433FE4 /* Activity1 WatchKit Extension.appex */; settings = {ATTRIBUTES = (RemoveHeadersOnCopy, ); }; };
		BA42B86B2363633700433FE4 /* InterfaceController.swift in Sources */ = {isa = PBXBuildFile; fileRef = BA42B86A2363633700433FE4 /* InterfaceController.swift */; };
		BA42B86D2363633700433FE4 /* ExtensionDelegate.swift in Sources */ = {isa = PBXBuildFile; fileRef = BA42B86C2363633700433FE4 /* ExtensionDelegate.swift */; };
		BA42B86F2363633B00433FE4 /* Assets.xcassets in Resources */ = {isa = PBXBuildFile; fileRef = BA42B86E2363633B00433FE4 /* Assets.xcassets */; };
/* End PBXBuildFile section */

/* Begin PBXContainerItemProxy section */
		BA42B8582363633000433FE4 /* PBXContainerItemProxy */ = {
			isa = PBXContainerItemProxy;
			containerPortal = BA42B83C2363632000433FE4 /* Project object */;
			proxyType = 1;
			remoteGlobalIDString = BA42B8552363633000433FE4;
			remoteInfo = "Activity1 WatchKit App";
		};
		BA42B8672363633700433FE4 /* PBXContainerItemProxy */ = {
			isa = PBXContainerItemProxy;
			containerPortal = BA42B83C2363632000433FE4 /* Project object */;
			proxyType = 1;
			remoteGlobalIDString = BA42B8642363633700433FE4;
			remoteInfo = "Activity1 WatchKit Extension";
		};
/* End PBXContainerItemProxy section */

/* Begin PBXCopyFilesBuildPhase section */
		BA42B8762363633B00433FE4 /* Embed App Extensions */ = {
			isa = PBXCopyFilesBuildPhase;
			buildActionMask = 2147483647;
			dstPath = "";
			dstSubfolderSpec = 13;
			files = (
				BA42B8662363633700433FE4 /* Activity1 WatchKit Extension.appex in Embed App Extensions */,
			);
			name = "Embed App Extensions";
			runOnlyForDeploymentPostprocessing = 0;
		};
		BA42B87A2363633B00433FE4 /* Embed Watch Content */ = {
			isa = PBXCopyFilesBuildPhase;
			buildActionMask = 2147483647;
			dstPath = "$(CONTENTS_FOLDER_PATH)/Watch";
			dstSubfolderSpec = 16;
			files = (
				BA42B8572363633000433FE4 /* Activity1 WatchKit App.app in Embed Watch Content */,
			);
			name = "Embed Watch Content";
			runOnlyForDeploymentPostprocessing = 0;
		};
/* End PBXCopyFilesBuildPhase section */

/* Begin PBXFileReference section */
		BA42B8442363632000433FE4 /* Activity1.app */ = {isa = PBXFileReference; explicitFileType = wrapper.application; includeInIndex = 0; path = Activity1.app; sourceTree = BUILT_PRODUCTS_DIR; };
		BA42B8472363632000433FE4 /* AppDelegate.swift */ = {isa = PBXFileReference; lastKnownFileType = sourcecode.swift; path = AppDelegate.swift; sourceTree = "<group>"; };
		BA42B8492363632000433FE4 /* ViewController.swift */ = {isa = PBXFileReference; lastKnownFileType = sourcecode.swift; path = ViewController.swift; sourceTree = "<group>"; };
		BA42B84C2363632000433FE4 /* Base */ = {isa = PBXFileReference; lastKnownFileType = file.storyboard; name = Base; path = Base.lproj/Main.storyboard; sourceTree = "<group>"; };
		BA42B84E2363633000433FE4 /* Assets.xcassets */ = {isa = PBXFileReference; lastKnownFileType = folder.assetcatalog; path = Assets.xcassets; sourceTree = "<group>"; };
		BA42B8512363633000433FE4 /* Base */ = {isa = PBXFileReference; lastKnownFileType = file.storyboard; name = Base; path = Base.lproj/LaunchScreen.storyboard; sourceTree = "<group>"; };
		BA42B8532363633000433FE4 /* Info.plist */ = {isa = PBXFileReference; lastKnownFileType = text.plist.xml; path = Info.plist; sourceTree = "<group>"; };
		BA42B8562363633000433FE4 /* Activity1 WatchKit App.app */ = {isa = PBXFileReference; explicitFileType = wrapper.application; includeInIndex = 0; path = "Activity1 WatchKit App.app"; sourceTree = BUILT_PRODUCTS_DIR; };
		BA42B85C2363633000433FE4 /* Base */ = {isa = PBXFileReference; lastKnownFileType = file.storyboard; name = Base; path = Base.lproj/Interface.storyboard; sourceTree = "<group>"; };
		BA42B85E2363633700433FE4 /* Assets.xcassets */ = {isa = PBXFileReference; lastKnownFileType = folder.assetcatalog; path = Assets.xcassets; sourceTree = "<group>"; };
		BA42B8602363633700433FE4 /* Info.plist */ = {isa = PBXFileReference; lastKnownFileType = text.plist.xml; path = Info.plist; sourceTree = "<group>"; };
		BA42B8652363633700433FE4 /* Activity1 WatchKit Extension.appex */ = {isa = PBXFileReference; explicitFileType = "wrapper.app-extension"; includeInIndex = 0; path = "Activity1 WatchKit Extension.appex"; sourceTree = BUILT_PRODUCTS_DIR; };
		BA42B86A2363633700433FE4 /* InterfaceController.swift */ = {isa = PBXFileReference; lastKnownFileType = sourcecode.swift; path = InterfaceController.swift; sourceTree = "<group>"; };
		BA42B86C2363633700433FE4 /* ExtensionDelegate.swift */ = {isa = PBXFileReference; lastKnownFileType = sourcecode.swift; path = ExtensionDelegate.swift; sourceTree = "<group>"; };
		BA42B86E2363633B00433FE4 /* Assets.xcassets */ = {isa = PBXFileReference; lastKnownFileType = folder.assetcatalog; path = Assets.xcassets; sourceTree = "<group>"; };
		BA42B8702363633B00433FE4 /* Info.plist */ = {isa = PBXFileReference; lastKnownFileType = text.plist.xml; path = Info.plist; sourceTree = "<group>"; };
/* End PBXFileReference section */

/* Begin PBXFrameworksBuildPhase section */
		BA42B8412363632000433FE4 /* Frameworks */ = {
			isa = PBXFrameworksBuildPhase;
			buildActionMask = 2147483647;
			files = (
			);
			runOnlyForDeploymentPostprocessing = 0;
		};
		BA42B8622363633700433FE4 /* Frameworks */ = {
			isa = PBXFrameworksBuildPhase;
			buildActionMask = 2147483647;
			files = (
			);
			runOnlyForDeploymentPostprocessing = 0;
		};
/* End PBXFrameworksBuildPhase section */

/* Begin PBXGroup section */
		BA42B83B2363632000433FE4 = {
			isa = PBXGroup;
			children = (
				BA42B8462363632000433FE4 /* Activity1 */,
				BA42B85A2363633000433FE4 /* Activity1 WatchKit App */,
				BA42B8692363633700433FE4 /* Activity1 WatchKit Extension */,
				BA42B8452363632000433FE4 /* Products */,
			);
			sourceTree = "<group>";
		};
		BA42B8452363632000433FE4 /* Products */ = {
			isa = PBXGroup;
			children = (
				BA42B8442363632000433FE4 /* Activity1.app */,
				BA42B8562363633000433FE4 /* Activity1 WatchKit App.app */,
				BA42B8652363633700433FE4 /* Activity1 WatchKit Extension.appex */,
			);
			name = Products;
			sourceTree = "<group>";
		};
		BA42B8462363632000433FE4 /* Activity1 */ = {
			isa = PBXGroup;
			children = (
				BA42B8472363632000433FE4 /* AppDelegate.swift */,
				BA42B8492363632000433FE4 /* ViewController.swift */,
				BA42B84B2363632000433FE4 /* Main.storyboard */,
				BA42B84E2363633000433FE4 /* Assets.xcassets */,
				BA42B8502363633000433FE4 /* LaunchScreen.storyboard */,
				BA42B8532363633000433FE4 /* Info.plist */,
			);
			path = Activity1;
			sourceTree = "<group>";
		};
		BA42B85A2363633000433FE4 /* Activity1 WatchKit App */ = {
			isa = PBXGroup;
			children = (
				BA42B85B2363633000433FE4 /* Interface.storyboard */,
				BA42B85E2363633700433FE4 /* Assets.xcassets */,
				BA42B8602363633700433FE4 /* Info.plist */,
			);
			path = "Activity1 WatchKit App";
			sourceTree = "<group>";
		};
		BA42B8692363633700433FE4 /* Activity1 WatchKit Extension */ = {
			isa = PBXGroup;
			children = (
				BA42B86A2363633700433FE4 /* InterfaceController.swift */,
				BA42B86C2363633700433FE4 /* ExtensionDelegate.swift */,
				BA42B86E2363633B00433FE4 /* Assets.xcassets */,
				BA42B8702363633B00433FE4 /* Info.plist */,
			);
			path = "Activity1 WatchKit Extension";
			sourceTree = "<group>";
		};
/* End PBXGroup section */

/* Begin PBXNativeTarget section */
		BA42B8432363632000433FE4 /* Activity1 */ = {
			isa = PBXNativeTarget;
			buildConfigurationList = BA42B87B2363633B00433FE4 /* Build configuration list for PBXNativeTarget "Activity1" */;
			buildPhases = (
				BA42B8402363632000433FE4 /* Sources */,
				BA42B8412363632000433FE4 /* Frameworks */,
				BA42B8422363632000433FE4 /* Resources */,
				BA42B87A2363633B00433FE4 /* Embed Watch Content */,
			);
			buildRules = (
			);
			dependencies = (
				BA42B8592363633000433FE4 /* PBXTargetDependency */,
			);
			name = Activity1;
			productName = Activity1;
			productReference = BA42B8442363632000433FE4 /* Activity1.app */;
			productType = "com.apple.product-type.application";
		};
		BA42B8552363633000433FE4 /* Activity1 WatchKit App */ = {
			isa = PBXNativeTarget;
			buildConfigurationList = BA42B8772363633B00433FE4 /* Build configuration list for PBXNativeTarget "Activity1 WatchKit App" */;
			buildPhases = (
				BA42B8542363633000433FE4 /* Resources */,
				BA42B8762363633B00433FE4 /* Embed App Extensions */,
			);
			buildRules = (
			);
			dependencies = (
				BA42B8682363633700433FE4 /* PBXTargetDependency */,
			);
			name = "Activity1 WatchKit App";
			productName = "Activity1 WatchKit App";
			productReference = BA42B8562363633000433FE4 /* Activity1 WatchKit App.app */;
			productType = "com.apple.product-type.application.watchapp2";
		};
		BA42B8642363633700433FE4 /* Activity1 WatchKit Extension */ = {
			isa = PBXNativeTarget;
			buildConfigurationList = BA42B8732363633B00433FE4 /* Build configuration list for PBXNativeTarget "Activity1 WatchKit Extension" */;
			buildPhases = (
				BA42B8612363633700433FE4 /* Sources */,
				BA42B8622363633700433FE4 /* Frameworks */,
				BA42B8632363633700433FE4 /* Resources */,
			);
			buildRules = (
			);
			dependencies = (
			);
			name = "Activity1 WatchKit Extension";
			productName = "Activity1 WatchKit Extension";
			productReference = BA42B8652363633700433FE4 /* Activity1 WatchKit Extension.appex */;
			productType = "com.apple.product-type.watchkit2-extension";
		};
/* End PBXNativeTarget section */

/* Begin PBXProject section */
		BA42B83C2363632000433FE4 /* Project object */ = {
			isa = PBXProject;
			attributes = {
				LastSwiftUpdateCheck = 1030;
				LastUpgradeCheck = 1030;
				ORGANIZATIONNAME = "Himanshu Mehta";
				TargetAttributes = {
					BA42B8432363632000433FE4 = {
						CreatedOnToolsVersion = 10.3;
					};
					BA42B8552363633000433FE4 = {
						CreatedOnToolsVersion = 10.3;
					};
					BA42B8642363633700433FE4 = {
						CreatedOnToolsVersion = 10.3;
					};
				};
			};
			buildConfigurationList = BA42B83F2363632000433FE4 /* Build configuration list for PBXProject "Activity1" */;
			compatibilityVersion = "Xcode 9.3";
			developmentRegion = en;
			hasScannedForEncodings = 0;
			knownRegions = (
				en,
				Base,
			);
			mainGroup = BA42B83B2363632000433FE4;
			productRefGroup = BA42B8452363632000433FE4 /* Products */;
			projectDirPath = "";
			projectRoot = "";
			targets = (
				BA42B8432363632000433FE4 /* Activity1 */,
				BA42B8552363633000433FE4 /* Activity1 WatchKit App */,
				BA42B8642363633700433FE4 /* Activity1 WatchKit Extension */,
			);
		};
/* End PBXProject section */

/* Begin PBXResourcesBuildPhase section */
		BA42B8422363632000433FE4 /* Resources */ = {
			isa = PBXResourcesBuildPhase;
			buildActionMask = 2147483647;
			files = (
				BA42B8522363633000433FE4 /* LaunchScreen.storyboard in Resources */,
				BA42B84F2363633000433FE4 /* Assets.xcassets in Resources */,
				BA42B84D2363632000433FE4 /* Main.storyboard in Resources */,
			);
			runOnlyForDeploymentPostprocessing = 0;
		};
		BA42B8542363633000433FE4 /* Resources */ = {
			isa = PBXResourcesBuildPhase;
			buildActionMask = 2147483647;
			files = (
				BA42B85F2363633700433FE4 /* Assets.xcassets in Resources */,
				BA42B85D2363633000433FE4 /* Interface.storyboard in Resources */,
			);
			runOnlyForDeploymentPostprocessing = 0;
		};
		BA42B8632363633700433FE4 /* Resources */ = {
			isa = PBXResourcesBuildPhase;
			buildActionMask = 2147483647;
			files = (
				BA42B86F2363633B00433FE4 /* Assets.xcassets in Resources */,
			);
			runOnlyForDeploymentPostprocessing = 0;
		};
/* End PBXResourcesBuildPhase section */

/* Begin PBXSourcesBuildPhase section */
		BA42B8402363632000433FE4 /* Sources */ = {
			isa = PBXSourcesBuildPhase;
			buildActionMask = 2147483647;
			files = (
				BA42B84A2363632000433FE4 /* ViewController.swift in Sources */,
				BA42B8482363632000433FE4 /* AppDelegate.swift in Sources */,
			);
			runOnlyForDeploymentPostprocessing = 0;
		};
		BA42B8612363633700433FE4 /* Sources */ = {
			isa = PBXSourcesBuildPhase;
			buildActionMask = 2147483647;
			files = (
				BA42B86D2363633700433FE4 /* ExtensionDelegate.swift in Sources */,
				BA42B86B2363633700433FE4 /* InterfaceController.swift in Sources */,
			);
			runOnlyForDeploymentPostprocessing = 0;
		};
/* End PBXSourcesBuildPhase section */

/* Begin PBXTargetDependency section */
		BA42B8592363633000433FE4 /* PBXTargetDependency */ = {
			isa = PBXTargetDependency;
			target = BA42B8552363633000433FE4 /* Activity1 WatchKit App */;
			targetProxy = BA42B8582363633000433FE4 /* PBXContainerItemProxy */;
		};
		BA42B8682363633700433FE4 /* PBXTargetDependency */ = {
			isa = PBXTargetDependency;
			target = BA42B8642363633700433FE4 /* Activity1 WatchKit Extension */;
			targetProxy = BA42B8672363633700433FE4 /* PBXContainerItemProxy */;
		};
/* End PBXTargetDependency section */

/* Begin PBXVariantGroup section */
		BA42B84B2363632000433FE4 /* Main.storyboard */ = {
			isa = PBXVariantGroup;
			children = (
				BA42B84C2363632000433FE4 /* Base */,
			);
			name = Main.storyboard;
			sourceTree = "<group>";
		};
		BA42B8502363633000433FE4 /* LaunchScreen.storyboard */ = {
			isa = PBXVariantGroup;
			children = (
				BA42B8512363633000433FE4 /* Base */,
			);
			name = LaunchScreen.storyboard;
			sourceTree = "<group>";
		};
		BA42B85B2363633000433FE4 /* Interface.storyboard */ = {
			isa = PBXVariantGroup;
			children = (
				BA42B85C2363633000433FE4 /* Base */,
			);
			name = Interface.storyboard;
			sourceTree = "<group>";
		};
/* End PBXVariantGroup section */

/* Begin XCBuildConfiguration section */
		BA42B8712363633B00433FE4 /* Debug */ = {
			isa = XCBuildConfiguration;
			buildSettings = {
				ALWAYS_SEARCH_USER_PATHS = NO;
				CLANG_ANALYZER_NONNULL = YES;
				CLANG_ANALYZER_NUMBER_OBJECT_CONVERSION = YES_AGGRESSIVE;
				CLANG_CXX_LANGUAGE_STANDARD = "gnu++14";
				CLANG_CXX_LIBRARY = "libc++";
				CLANG_ENABLE_MODULES = YES;
				CLANG_ENABLE_OBJC_ARC = YES;
				CLANG_ENABLE_OBJC_WEAK = YES;
				CLANG_WARN_BLOCK_CAPTURE_AUTORELEASING = YES;
				CLANG_WARN_BOOL_CONVERSION = YES;
				CLANG_WARN_COMMA = YES;
				CLANG_WARN_CONSTANT_CONVERSION = YES;
				CLANG_WARN_DEPRECATED_OBJC_IMPLEMENTATIONS = YES;
				CLANG_WARN_DIRECT_OBJC_ISA_USAGE = YES_ERROR;
				CLANG_WARN_DOCUMENTATION_COMMENTS = YES;
				CLANG_WARN_EMPTY_BODY = YES;
				CLANG_WARN_ENUM_CONVERSION = YES;
				CLANG_WARN_INFINITE_RECURSION = YES;
				CLANG_WARN_INT_CONVERSION = YES;
				CLANG_WARN_NON_LITERAL_NULL_CONVERSION = YES;
				CLANG_WARN_OBJC_IMPLICIT_RETAIN_SELF = YES;
				CLANG_WARN_OBJC_LITERAL_CONVERSION = YES;
				CLANG_WARN_OBJC_ROOT_CLASS = YES_ERROR;
				CLANG_WARN_RANGE_LOOP_ANALYSIS = YES;
				CLANG_WARN_STRICT_PROTOTYPES = YES;
				CLANG_WARN_SUSPICIOUS_MOVE = YES;
				CLANG_WARN_UNGUARDED_AVAILABILITY = YES_AGGRESSIVE;
				CLANG_WARN_UNREACHABLE_CODE = YES;
				CLANG_WARN__DUPLICATE_METHOD_MATCH = YES;
				CODE_SIGN_IDENTITY = "iPhone Developer";
				COPY_PHASE_STRIP = NO;
				DEBUG_INFORMATION_FORMAT = dwarf;
				ENABLE_STRICT_OBJC_MSGSEND = YES;
				ENABLE_TESTABILITY = YES;
				GCC_C_LANGUAGE_STANDARD = gnu11;
				GCC_DYNAMIC_NO_PIC = NO;
				GCC_NO_COMMON_BLOCKS = YES;
				GCC_OPTIMIZATION_LEVEL = 0;
				GCC_PREPROCESSOR_DEFINITIONS = (
					"DEBUG=1",
					"$(inherited)",
				);
				GCC_WARN_64_TO_32_BIT_CONVERSION = YES;
				GCC_WARN_ABOUT_RETURN_TYPE = YES_ERROR;
				GCC_WARN_UNDECLARED_SELECTOR = YES;
				GCC_WARN_UNINITIALIZED_AUTOS = YES_AGGRESSIVE;
				GCC_WARN_UNUSED_FUNCTION = YES;
				GCC_WARN_UNUSED_VARIABLE = YES;
				IPHONEOS_DEPLOYMENT_TARGET = 12.4;
				MTL_ENABLE_DEBUG_INFO = INCLUDE_SOURCE;
				MTL_FAST_MATH = YES;
				ONLY_ACTIVE_ARCH = YES;
				SDKROOT = iphoneos;
				SWIFT_ACTIVE_COMPILATION_CONDITIONS = DEBUG;
				SWIFT_OPTIMIZATION_LEVEL = "-Onone";
			};
			name = Debug;
		};
		BA42B8722363633B00433FE4 /* Release */ = {
			isa = XCBuildConfiguration;
			buildSettings = {
				ALWAYS_SEARCH_USER_PATHS = NO;
				CLANG_ANALYZER_NONNULL = YES;
				CLANG_ANALYZER_NUMBER_OBJECT_CONVERSION = YES_AGGRESSIVE;
				CLANG_CXX_LANGUAGE_STANDARD = "gnu++14";
				CLANG_CXX_LIBRARY = "libc++";
				CLANG_ENABLE_MODULES = YES;
				CLANG_ENABLE_OBJC_ARC = YES;
				CLANG_ENABLE_OBJC_WEAK = YES;
				CLANG_WARN_BLOCK_CAPTURE_AUTORELEASING = YES;
				CLANG_WARN_BOOL_CONVERSION = YES;
				CLANG_WARN_COMMA = YES;
				CLANG_WARN_CONSTANT_CONVERSION = YES;
				CLANG_WARN_DEPRECATED_OBJC_IMPLEMENTATIONS = YES;
				CLANG_WARN_DIRECT_OBJC_ISA_USAGE = YES_ERROR;
				CLANG_WARN_DOCUMENTATION_COMMENTS = YES;
				CLANG_WARN_EMPTY_BODY = YES;
				CLANG_WARN_ENUM_CONVERSION = YES;
				CLANG_WARN_INFINITE_RECURSION = YES;
				CLANG_WARN_INT_CONVERSION = YES;
				CLANG_WARN_NON_LITERAL_NULL_CONVERSION = YES;
				CLANG_WARN_OBJC_IMPLICIT_RETAIN_SELF = YES;
				CLANG_WARN_OBJC_LITERAL_CONVERSION = YES;
				CLANG_WARN_OBJC_ROOT_CLASS = YES_ERROR;
				CLANG_WARN_RANGE_LOOP_ANALYSIS = YES;
				CLANG_WARN_STRICT_PROTOTYPES = YES;
				CLANG_WARN_SUSPICIOUS_MOVE = YES;
				CLANG_WARN_UNGUARDED_AVAILABILITY = YES_AGGRESSIVE;
				CLANG_WARN_UNREACHABLE_CODE = YES;
				CLANG_WARN__DUPLICATE_METHOD_MATCH = YES;
				CODE_SIGN_IDENTITY = "iPhone Developer";
				COPY_PHASE_STRIP = NO;
				DEBUG_INFORMATION_FORMAT = "dwarf-with-dsym";
				ENABLE_NS_ASSERTIONS = NO;
				ENABLE_STRICT_OBJC_MSGSEND = YES;
				GCC_C_LANGUAGE_STANDARD = gnu11;
				GCC_NO_COMMON_BLOCKS = YES;
				GCC_WARN_64_TO_32_BIT_CONVERSION = YES;
				GCC_WARN_ABOUT_RETURN_TYPE = YES_ERROR;
				GCC_WARN_UNDECLARED_SELECTOR = YES;
				GCC_WARN_UNINITIALIZED_AUTOS = YES_AGGRESSIVE;
				GCC_WARN_UNUSED_FUNCTION = YES;
				GCC_WARN_UNUSED_VARIABLE = YES;
				IPHONEOS_DEPLOYMENT_TARGET = 12.4;
				MTL_ENABLE_DEBUG_INFO = NO;
				MTL_FAST_MATH = YES;
				SDKROOT = iphoneos;
				SWIFT_COMPILATION_MODE = wholemodule;
				SWIFT_OPTIMIZATION_LEVEL = "-O";
				VALIDATE_PRODUCT = YES;
			};
			name = Release;
		};
		BA42B8742363633B00433FE4 /* Debug */ = {
			isa = XCBuildConfiguration;
			buildSettings = {
				ASSETCATALOG_COMPILER_COMPLICATION_NAME = Complication;
				CODE_SIGN_STYLE = Automatic;
				INFOPLIST_FILE = "Activity1 WatchKit Extension/Info.plist";
				LD_RUNPATH_SEARCH_PATHS = (
					"$(inherited)",
					"@executable_path/Frameworks",
					"@executable_path/../../Frameworks",
				);
				PRODUCT_BUNDLE_IDENTIFIER = himu.Activity1.watchkitapp.watchkitextension;
				PRODUCT_NAME = "${TARGET_NAME}";
				SDKROOT = watchos;
				SKIP_INSTALL = YES;
				SWIFT_VERSION = 5.0;
				TARGETED_DEVICE_FAMILY = 4;
				WATCHOS_DEPLOYMENT_TARGET = 5.3;
			};
			name = Debug;
		};
		BA42B8752363633B00433FE4 /* Release */ = {
			isa = XCBuildConfiguration;
			buildSettings = {
				ASSETCATALOG_COMPILER_COMPLICATION_NAME = Complication;
				CODE_SIGN_STYLE = Automatic;
				INFOPLIST_FILE = "Activity1 WatchKit Extension/Info.plist";
				LD_RUNPATH_SEARCH_PATHS = (
					"$(inherited)",
					"@executable_path/Frameworks",
					"@executable_path/../../Frameworks",
				);
				PRODUCT_BUNDLE_IDENTIFIER = himu.Activity1.watchkitapp.watchkitextension;
				PRODUCT_NAME = "${TARGET_NAME}";
				SDKROOT = watchos;
				SKIP_INSTALL = YES;
				SWIFT_VERSION = 5.0;
				TARGETED_DEVICE_FAMILY = 4;
				WATCHOS_DEPLOYMENT_TARGET = 5.3;
			};
			name = Release;
		};
		BA42B8782363633B00433FE4 /* Debug */ = {
			isa = XCBuildConfiguration;
			buildSettings = {
				ALWAYS_EMBED_SWIFT_STANDARD_LIBRARIES = YES;
				ASSETCATALOG_COMPILER_APPICON_NAME = AppIcon;
				CODE_SIGN_STYLE = Automatic;
				IBSC_MODULE = Activity1_WatchKit_Extension;
				INFOPLIST_FILE = "Activity1 WatchKit App/Info.plist";
				PRODUCT_BUNDLE_IDENTIFIER = himu.Activity1.watchkitapp;
				PRODUCT_NAME = "$(TARGET_NAME)";
				SDKROOT = watchos;
				SKIP_INSTALL = YES;
				SWIFT_VERSION = 5.0;
				TARGETED_DEVICE_FAMILY = 4;
				WATCHOS_DEPLOYMENT_TARGET = 5.3;
			};
			name = Debug;
		};
		BA42B8792363633B00433FE4 /* Release */ = {
			isa = XCBuildConfiguration;
			buildSettings = {
				ALWAYS_EMBED_SWIFT_STANDARD_LIBRARIES = YES;
				ASSETCATALOG_COMPILER_APPICON_NAME = AppIcon;
				CODE_SIGN_STYLE = Automatic;
				IBSC_MODULE = Activity1_WatchKit_Extension;
				INFOPLIST_FILE = "Activity1 WatchKit App/Info.plist";
				PRODUCT_BUNDLE_IDENTIFIER = himu.Activity1.watchkitapp;
				PRODUCT_NAME = "$(TARGET_NAME)";
				SDKROOT = watchos;
				SKIP_INSTALL = YES;
				SWIFT_VERSION = 5.0;
				TARGETED_DEVICE_FAMILY = 4;
				WATCHOS_DEPLOYMENT_TARGET = 5.3;
			};
			name = Release;
		};
		BA42B87C2363633B00433FE4 /* Debug */ = {
			isa = XCBuildConfiguration;
			buildSettings = {
				ASSETCATALOG_COMPILER_APPICON_NAME = AppIcon;
				CODE_SIGN_STYLE = Automatic;
				INFOPLIST_FILE = Activity1/Info.plist;
				LD_RUNPATH_SEARCH_PATHS = (
					"$(inherited)",
					"@executable_path/Frameworks",
				);
				PRODUCT_BUNDLE_IDENTIFIER = himu.Activity1;
				PRODUCT_NAME = "$(TARGET_NAME)";
				SWIFT_VERSION = 5.0;
				TARGETED_DEVICE_FAMILY = "1,2";
			};
			name = Debug;
		};
		BA42B87D2363633B00433FE4 /* Release */ = {
			isa = XCBuildConfiguration;
			buildSettings = {
				ASSETCATALOG_COMPILER_APPICON_NAME = AppIcon;
				CODE_SIGN_STYLE = Automatic;
				INFOPLIST_FILE = Activity1/Info.plist;
				LD_RUNPATH_SEARCH_PATHS = (
					"$(inherited)",
					"@executable_path/Frameworks",
				);
				PRODUCT_BUNDLE_IDENTIFIER = himu.Activity1;
				PRODUCT_NAME = "$(TARGET_NAME)";
				SWIFT_VERSION = 5.0;
				TARGETED_DEVICE_FAMILY = "1,2";
			};
			name = Release;
		};
/* End XCBuildConfiguration section */

/* Begin XCConfigurationList section */
		BA42B83F2363632000433FE4 /* Build configuration list for PBXProject "Activity1" */ = {
			isa = XCConfigurationList;
			buildConfigurations = (
				BA42B8712363633B00433FE4 /* Debug */,
				BA42B8722363633B00433FE4 /* Release */,
			);
			defaultConfigurationIsVisible = 0;
			defaultConfigurationName = Release;
		};
		BA42B8732363633B00433FE4 /* Build configuration list for PBXNativeTarget "Activity1 WatchKit Extension" */ = {
			isa = XCConfigurationList;
			buildConfigurations = (
				BA42B8742363633B00433FE4 /* Debug */,
				BA42B8752363633B00433FE4 /* Release */,
			);
			defaultConfigurationIsVisible = 0;
			defaultConfigurationName = Release;
		};
		BA42B8772363633B00433FE4 /* Build configuration list for PBXNativeTarget "Activity1 WatchKit App" */ = {
			isa = XCConfigurationList;
			buildConfigurations = (
				BA42B8782363633B00433FE4 /* Debug */,
				BA42B8792363633B00433FE4 /* Release */,
			);
			defaultConfigurationIsVisible = 0;
			defaultConfigurationName = Release;
		};
		BA42B87B2363633B00433FE4 /* Build configuration list for PBXNativeTarget "Activity1" */ = {
			isa = XCConfigurationList;
			buildConfigurations = (
				BA42B87C2363633B00433FE4 /* Debug */,
				BA42B87D2363633B00433FE4 /* Release */,
			);
			defaultConfigurationIsVisible = 0;
			defaultConfigurationName = Release;
		};
/* End XCConfigurationList section */
	};
	rootObject = BA42B83C2363632000433FE4 /* Project object */;
}
